// !$*UTF8*$!
{
	archiveVersion = 1;
	classes = {
	};
	objectVersion = 55;
	objects = {

/* Begin PBXBuildFile section */
		CE00403E28C72B830094E18C /* EmptyBlock.swift in Sources */ = {isa = PBXBuildFile; fileRef = CE00403D28C72B830094E18C /* EmptyBlock.swift */; };
		CE00404028C72BAA0094E18C /* UINavigationController+Extensions.swift in Sources */ = {isa = PBXBuildFile; fileRef = CE00403F28C72BAA0094E18C /* UINavigationController+Extensions.swift */; };
		CE00404228C72BE40094E18C /* UIViewController+Extensions.swift in Sources */ = {isa = PBXBuildFile; fileRef = CE00404128C72BE40094E18C /* UIViewController+Extensions.swift */; };
		CE00404528C72DAA0094E18C /* NetworkService.swift in Sources */ = {isa = PBXBuildFile; fileRef = CE00404428C72DAA0094E18C /* NetworkService.swift */; };
		CE09882328C5EBA30033AA5B /* UIView+Extensions.swift in Sources */ = {isa = PBXBuildFile; fileRef = CE09882228C5EBA30033AA5B /* UIView+Extensions.swift */; };
		CE09882728C5EED10033AA5B /* Date+Extensions.swift in Sources */ = {isa = PBXBuildFile; fileRef = CE09882628C5EED10033AA5B /* Date+Extensions.swift */; };
		CE09882928C604E10033AA5B /* String+Extensions.swift in Sources */ = {isa = PBXBuildFile; fileRef = CE09882828C604E10033AA5B /* String+Extensions.swift */; };
		CE09882D28C60B8E0033AA5B /* BaseTableViewCell.swift in Sources */ = {isa = PBXBuildFile; fileRef = CE09882C28C60B8E0033AA5B /* BaseTableViewCell.swift */; };
		CE09882F28C62A7C0033AA5B /* BaseCollectionViewCell.swift in Sources */ = {isa = PBXBuildFile; fileRef = CE09882E28C62A7C0033AA5B /* BaseCollectionViewCell.swift */; };
		CE56255328C1EE9700CF2D40 /* AppDelegate.swift in Sources */ = {isa = PBXBuildFile; fileRef = CE56255228C1EE9700CF2D40 /* AppDelegate.swift */; };
		CE56255528C1EE9700CF2D40 /* SceneDelegate.swift in Sources */ = {isa = PBXBuildFile; fileRef = CE56255428C1EE9700CF2D40 /* SceneDelegate.swift */; };
		CE56255C28C1EE9900CF2D40 /* Assets.xcassets in Resources */ = {isa = PBXBuildFile; fileRef = CE56255B28C1EE9900CF2D40 /* Assets.xcassets */; };
		CE56255F28C1EE9900CF2D40 /* LaunchScreen.storyboard in Resources */ = {isa = PBXBuildFile; fileRef = CE56255D28C1EE9900CF2D40 /* LaunchScreen.storyboard */; };
		CE56257028C1F04600CF2D40 /* FeedViewController.swift in Sources */ = {isa = PBXBuildFile; fileRef = CE56256F28C1F04600CF2D40 /* FeedViewController.swift */; };
		CE56257528C1F31B00CF2D40 /* FeedBuilder.swift in Sources */ = {isa = PBXBuildFile; fileRef = CE56257428C1F31B00CF2D40 /* FeedBuilder.swift */; };
		CE56257728C1F3D700CF2D40 /* FeedRouter.swift in Sources */ = {isa = PBXBuildFile; fileRef = CE56257628C1F3D700CF2D40 /* FeedRouter.swift */; };
		CE56257928C1F43600CF2D40 /* FeedPresenter.swift in Sources */ = {isa = PBXBuildFile; fileRef = CE56257828C1F43600CF2D40 /* FeedPresenter.swift */; };
		CE56257C28C1FBF200CF2D40 /* BaseRouter.swift in Sources */ = {isa = PBXBuildFile; fileRef = CE56257B28C1FBF200CF2D40 /* BaseRouter.swift */; };
		CE56257E28C2059500CF2D40 /* PostModel.swift in Sources */ = {isa = PBXBuildFile; fileRef = CE56257D28C2059500CF2D40 /* PostModel.swift */; };
		CE56258128C2139C00CF2D40 /* FeedRepository.swift in Sources */ = {isa = PBXBuildFile; fileRef = CE56258028C2139C00CF2D40 /* FeedRepository.swift */; };
		CE56258428C2152C00CF2D40 /* PostTableViewCell.swift in Sources */ = {isa = PBXBuildFile; fileRef = CE56258228C2152C00CF2D40 /* PostTableViewCell.swift */; };
		CE56258528C2152C00CF2D40 /* PostTableViewCell.xib in Resources */ = {isa = PBXBuildFile; fileRef = CE56258328C2152C00CF2D40 /* PostTableViewCell.xib */; };
		CE85A45D28CA1B8900C2BA35 /* ApiEndpoint.swift in Sources */ = {isa = PBXBuildFile; fileRef = CE85A45C28CA1B8900C2BA35 /* ApiEndpoint.swift */; };
		CEDC3AB128CB248D00BE8BA6 /* Int+Extensions.swift in Sources */ = {isa = PBXBuildFile; fileRef = CEDC3AB028CB248D00BE8BA6 /* Int+Extensions.swift */; };
/* End PBXBuildFile section */

/* Begin PBXFileReference section */
		5947BDB46644D02FFDE22F89 /* Pods-Posts.debug.xcconfig */ = {isa = PBXFileReference; includeInIndex = 1; lastKnownFileType = text.xcconfig; name = "Pods-Posts.debug.xcconfig"; path = "Target Support Files/Pods-Posts/Pods-Posts.debug.xcconfig"; sourceTree = "<group>"; };
		CA37A62154F9D54F927DEDC6 /* Pods-Posts.release.xcconfig */ = {isa = PBXFileReference; includeInIndex = 1; lastKnownFileType = text.xcconfig; name = "Pods-Posts.release.xcconfig"; path = "Target Support Files/Pods-Posts/Pods-Posts.release.xcconfig"; sourceTree = "<group>"; };
		CE00403D28C72B830094E18C /* EmptyBlock.swift */ = {isa = PBXFileReference; lastKnownFileType = sourcecode.swift; path = EmptyBlock.swift; sourceTree = "<group>"; };
		CE00403F28C72BAA0094E18C /* UINavigationController+Extensions.swift */ = {isa = PBXFileReference; lastKnownFileType = sourcecode.swift; path = "UINavigationController+Extensions.swift"; sourceTree = "<group>"; };
		CE00404128C72BE40094E18C /* UIViewController+Extensions.swift */ = {isa = PBXFileReference; lastKnownFileType = sourcecode.swift; path = "UIViewController+Extensions.swift"; sourceTree = "<group>"; };
		CE00404428C72DAA0094E18C /* NetworkService.swift */ = {isa = PBXFileReference; lastKnownFileType = sourcecode.swift; path = NetworkService.swift; sourceTree = "<group>"; };
		CE09882228C5EBA30033AA5B /* UIView+Extensions.swift */ = {isa = PBXFileReference; lastKnownFileType = sourcecode.swift; path = "UIView+Extensions.swift"; sourceTree = "<group>"; };
		CE09882628C5EED10033AA5B /* Date+Extensions.swift */ = {isa = PBXFileReference; lastKnownFileType = sourcecode.swift; path = "Date+Extensions.swift"; sourceTree = "<group>"; };
		CE09882828C604E10033AA5B /* String+Extensions.swift */ = {isa = PBXFileReference; lastKnownFileType = sourcecode.swift; path = "String+Extensions.swift"; sourceTree = "<group>"; };
		CE09882C28C60B8E0033AA5B /* BaseTableViewCell.swift */ = {isa = PBXFileReference; lastKnownFileType = sourcecode.swift; path = BaseTableViewCell.swift; sourceTree = "<group>"; };
		CE09882E28C62A7C0033AA5B /* BaseCollectionViewCell.swift */ = {isa = PBXFileReference; lastKnownFileType = sourcecode.swift; path = BaseCollectionViewCell.swift; sourceTree = "<group>"; };
		CE56254F28C1EE9700CF2D40 /* Posts.app */ = {isa = PBXFileReference; explicitFileType = wrapper.application; includeInIndex = 0; path = Posts.app; sourceTree = BUILT_PRODUCTS_DIR; };
		CE56255228C1EE9700CF2D40 /* AppDelegate.swift */ = {isa = PBXFileReference; lastKnownFileType = sourcecode.swift; path = AppDelegate.swift; sourceTree = "<group>"; };
		CE56255428C1EE9700CF2D40 /* SceneDelegate.swift */ = {isa = PBXFileReference; lastKnownFileType = sourcecode.swift; path = SceneDelegate.swift; sourceTree = "<group>"; };
		CE56255B28C1EE9900CF2D40 /* Assets.xcassets */ = {isa = PBXFileReference; lastKnownFileType = folder.assetcatalog; path = Assets.xcassets; sourceTree = "<group>"; };
		CE56255E28C1EE9900CF2D40 /* Base */ = {isa = PBXFileReference; lastKnownFileType = file.storyboard; name = Base; path = Base.lproj/LaunchScreen.storyboard; sourceTree = "<group>"; };
		CE56256028C1EE9900CF2D40 /* Info.plist */ = {isa = PBXFileReference; lastKnownFileType = text.plist.xml; path = Info.plist; sourceTree = "<group>"; };
		CE56256F28C1F04600CF2D40 /* FeedViewController.swift */ = {isa = PBXFileReference; lastKnownFileType = sourcecode.swift; path = FeedViewController.swift; sourceTree = "<group>"; };
		CE56257428C1F31B00CF2D40 /* FeedBuilder.swift */ = {isa = PBXFileReference; lastKnownFileType = sourcecode.swift; path = FeedBuilder.swift; sourceTree = "<group>"; };
		CE56257628C1F3D700CF2D40 /* FeedRouter.swift */ = {isa = PBXFileReference; lastKnownFileType = sourcecode.swift; path = FeedRouter.swift; sourceTree = "<group>"; };
		CE56257828C1F43600CF2D40 /* FeedPresenter.swift */ = {isa = PBXFileReference; lastKnownFileType = sourcecode.swift; path = FeedPresenter.swift; sourceTree = "<group>"; };
		CE56257B28C1FBF200CF2D40 /* BaseRouter.swift */ = {isa = PBXFileReference; lastKnownFileType = sourcecode.swift; path = BaseRouter.swift; sourceTree = "<group>"; };
		CE56257D28C2059500CF2D40 /* PostModel.swift */ = {isa = PBXFileReference; lastKnownFileType = sourcecode.swift; path = PostModel.swift; sourceTree = "<group>"; };
		CE56258028C2139C00CF2D40 /* FeedRepository.swift */ = {isa = PBXFileReference; lastKnownFileType = sourcecode.swift; path = FeedRepository.swift; sourceTree = "<group>"; };
		CE56258228C2152C00CF2D40 /* PostTableViewCell.swift */ = {isa = PBXFileReference; lastKnownFileType = sourcecode.swift; path = PostTableViewCell.swift; sourceTree = "<group>"; };
		CE56258328C2152C00CF2D40 /* PostTableViewCell.xib */ = {isa = PBXFileReference; lastKnownFileType = file.xib; path = PostTableViewCell.xib; sourceTree = "<group>"; };
		CE85A45C28CA1B8900C2BA35 /* ApiEndpoint.swift */ = {isa = PBXFileReference; lastKnownFileType = sourcecode.swift; path = ApiEndpoint.swift; sourceTree = "<group>"; };
		CEDC3AB028CB248D00BE8BA6 /* Int+Extensions.swift */ = {isa = PBXFileReference; lastKnownFileType = sourcecode.swift; path = "Int+Extensions.swift"; sourceTree = "<group>"; };
/* End PBXFileReference section */

/* Begin PBXFrameworksBuildPhase section */
		CE56254C28C1EE9700CF2D40 /* Frameworks */ = {
			isa = PBXFrameworksBuildPhase;
			buildActionMask = 2147483647;
			files = (
			);
			runOnlyForDeploymentPostprocessing = 0;
		};
/* End PBXFrameworksBuildPhase section */

/* Begin PBXGroup section */
		5B2B595A348D3557B7CB969E /* Frameworks */ = {
			isa = PBXGroup;
			children = (
			);
			name = Frameworks;
			sourceTree = "<group>";
		};
		A00A3E3DFCD6337CA664B062 /* Pods */ = {
			isa = PBXGroup;
			children = (
				5947BDB46644D02FFDE22F89 /* Pods-Posts.debug.xcconfig */,
				CA37A62154F9D54F927DEDC6 /* Pods-Posts.release.xcconfig */,
			);
			path = Pods;
			sourceTree = "<group>";
		};
		CE00403C28C72B5A0094E18C /* Utilities */ = {
			isa = PBXGroup;
			children = (
				CE00403D28C72B830094E18C /* EmptyBlock.swift */,
			);
			path = Utilities;
			sourceTree = "<group>";
		};
		CE00404328C72D880094E18C /* NetworkService */ = {
			isa = PBXGroup;
			children = (
				CE00404428C72DAA0094E18C /* NetworkService.swift */,
				CE85A45C28CA1B8900C2BA35 /* ApiEndpoint.swift */,
			);
			path = NetworkService;
			sourceTree = "<group>";
		};
		CE36877A28CF253E002240CD /* DataRepository */ = {
			isa = PBXGroup;
			children = (
				CE56257F28C2137B00CF2D40 /* FeedRepository */,
			);
			path = DataRepository;
			sourceTree = "<group>";
		};
		CE56254628C1EE9700CF2D40 = {
			isa = PBXGroup;
			children = (
				CE56255128C1EE9700CF2D40 /* Posts */,
				CE56255028C1EE9700CF2D40 /* Products */,
				A00A3E3DFCD6337CA664B062 /* Pods */,
				5B2B595A348D3557B7CB969E /* Frameworks */,
			);
			sourceTree = "<group>";
		};
		CE56255028C1EE9700CF2D40 /* Products */ = {
			isa = PBXGroup;
			children = (
				CE56254F28C1EE9700CF2D40 /* Posts.app */,
			);
			name = Products;
			sourceTree = "<group>";
		};
		CE56255128C1EE9700CF2D40 /* Posts */ = {
			isa = PBXGroup;
			children = (
				CE36877A28CF253E002240CD /* DataRepository */,
				CE56256628C1EF0A00CF2D40 /* Application */,
				CE56256828C1EF3D00CF2D40 /* Modules */,
				CE56257128C1F1E700CF2D40 /* Services */,
				CE56257228C1F1F000CF2D40 /* Extensions */,
				CE00403C28C72B5A0094E18C /* Utilities */,
				CE56256728C1EF2900CF2D40 /* Support Files */,
				CE56256028C1EE9900CF2D40 /* Info.plist */,
			);
			path = Posts;
			sourceTree = "<group>";
		};
		CE56256628C1EF0A00CF2D40 /* Application */ = {
			isa = PBXGroup;
			children = (
				CE56255228C1EE9700CF2D40 /* AppDelegate.swift */,
				CE56255428C1EE9700CF2D40 /* SceneDelegate.swift */,
			);
			path = Application;
			sourceTree = "<group>";
		};
		CE56256728C1EF2900CF2D40 /* Support Files */ = {
			isa = PBXGroup;
			children = (
				CE56255B28C1EE9900CF2D40 /* Assets.xcassets */,
				CE56255D28C1EE9900CF2D40 /* LaunchScreen.storyboard */,
			);
			path = "Support Files";
			sourceTree = "<group>";
		};
		CE56256828C1EF3D00CF2D40 /* Modules */ = {
			isa = PBXGroup;
			children = (
				CE56256928C1EF4700CF2D40 /* Feed */,
			);
			path = Modules;
			sourceTree = "<group>";
		};
		CE56256928C1EF4700CF2D40 /* Feed */ = {
			isa = PBXGroup;
			children = (
				CE56257328C1F2AE00CF2D40 /* CustomUI */,
				CE56256A28C1EF7200CF2D40 /* Model */,
				CE56256E28C1EF8800CF2D40 /* Router */,
				CE56256D28C1EF8200CF2D40 /* Builder */,
				CE56256C28C1EF7C00CF2D40 /* Presenter */,
				CE56256B28C1EF7800CF2D40 /* View */,
			);
			path = Feed;
			sourceTree = "<group>";
		};
		CE56256A28C1EF7200CF2D40 /* Model */ = {
			isa = PBXGroup;
			children = (
				CE56257D28C2059500CF2D40 /* PostModel.swift */,
			);
			path = Model;
			sourceTree = "<group>";
		};
		CE56256B28C1EF7800CF2D40 /* View */ = {
			isa = PBXGroup;
			children = (
				CE56256F28C1F04600CF2D40 /* FeedViewController.swift */,
			);
			path = View;
			sourceTree = "<group>";
		};
		CE56256C28C1EF7C00CF2D40 /* Presenter */ = {
			isa = PBXGroup;
			children = (
				CE56257828C1F43600CF2D40 /* FeedPresenter.swift */,
			);
			path = Presenter;
			sourceTree = "<group>";
		};
		CE56256D28C1EF8200CF2D40 /* Builder */ = {
			isa = PBXGroup;
			children = (
				CE56257428C1F31B00CF2D40 /* FeedBuilder.swift */,
			);
			path = Builder;
			sourceTree = "<group>";
		};
		CE56256E28C1EF8800CF2D40 /* Router */ = {
			isa = PBXGroup;
			children = (
				CE56257628C1F3D700CF2D40 /* FeedRouter.swift */,
			);
			path = Router;
			sourceTree = "<group>";
		};
		CE56257128C1F1E700CF2D40 /* Services */ = {
			isa = PBXGroup;
			children = (
				CE00404328C72D880094E18C /* NetworkService */,
				CE56257A28C1FBE000CF2D40 /* BaseRouter */,
			);
			path = Services;
			sourceTree = "<group>";
		};
		CE56257228C1F1F000CF2D40 /* Extensions */ = {
			isa = PBXGroup;
			children = (
				CE09882228C5EBA30033AA5B /* UIView+Extensions.swift */,
				CE09882628C5EED10033AA5B /* Date+Extensions.swift */,
				CE09882828C604E10033AA5B /* String+Extensions.swift */,
				CE00403F28C72BAA0094E18C /* UINavigationController+Extensions.swift */,
				CE00404128C72BE40094E18C /* UIViewController+Extensions.swift */,
				CEDC3AB028CB248D00BE8BA6 /* Int+Extensions.swift */,
			);
			path = Extensions;
			sourceTree = "<group>";
		};
		CE56257328C1F2AE00CF2D40 /* CustomUI */ = {
			isa = PBXGroup;
			children = (
				CE56258228C2152C00CF2D40 /* PostTableViewCell.swift */,
				CE56258328C2152C00CF2D40 /* PostTableViewCell.xib */,
				CE09882C28C60B8E0033AA5B /* BaseTableViewCell.swift */,
				CE09882E28C62A7C0033AA5B /* BaseCollectionViewCell.swift */,
			);
			path = CustomUI;
			sourceTree = "<group>";
		};
		CE56257A28C1FBE000CF2D40 /* BaseRouter */ = {
			isa = PBXGroup;
			children = (
				CE56257B28C1FBF200CF2D40 /* BaseRouter.swift */,
			);
			path = BaseRouter;
			sourceTree = "<group>";
		};
		CE56257F28C2137B00CF2D40 /* FeedRepository */ = {
			isa = PBXGroup;
			children = (
				CE56258028C2139C00CF2D40 /* FeedRepository.swift */,
			);
			path = FeedRepository;
			sourceTree = "<group>";
		};
/* End PBXGroup section */

/* Begin PBXNativeTarget section */
		CE56254E28C1EE9700CF2D40 /* Posts */ = {
			isa = PBXNativeTarget;
			buildConfigurationList = CE56256328C1EE9900CF2D40 /* Build configuration list for PBXNativeTarget "Posts" */;
			buildPhases = (
				77D402E2E752475F68AA1B2F /* [CP] Check Pods Manifest.lock */,
				CE56254B28C1EE9700CF2D40 /* Sources */,
				CE56254C28C1EE9700CF2D40 /* Frameworks */,
				CE56254D28C1EE9700CF2D40 /* Resources */,
				B748CC18410E76A3C2AE5108 /* [CP] Embed Pods Frameworks */,
			);
			buildRules = (
			);
			dependencies = (
			);
			name = Posts;
			productName = Posts;
			productReference = CE56254F28C1EE9700CF2D40 /* Posts.app */;
			productType = "com.apple.product-type.application";
		};
/* End PBXNativeTarget section */

/* Begin PBXProject section */
		CE56254728C1EE9700CF2D40 /* Project object */ = {
			isa = PBXProject;
			attributes = {
				BuildIndependentTargetsInParallel = 1;
				LastSwiftUpdateCheck = 1340;
				LastUpgradeCheck = 1340;
				TargetAttributes = {
					CE56254E28C1EE9700CF2D40 = {
						CreatedOnToolsVersion = 13.4.1;
					};
				};
			};
			buildConfigurationList = CE56254A28C1EE9700CF2D40 /* Build configuration list for PBXProject "Posts" */;
			compatibilityVersion = "Xcode 13.0";
			developmentRegion = en;
			hasScannedForEncodings = 0;
			knownRegions = (
				en,
				Base,
			);
			mainGroup = CE56254628C1EE9700CF2D40;
			productRefGroup = CE56255028C1EE9700CF2D40 /* Products */;
			projectDirPath = "";
			projectRoot = "";
			targets = (
				CE56254E28C1EE9700CF2D40 /* Posts */,
			);
		};
/* End PBXProject section */

/* Begin PBXResourcesBuildPhase section */
		CE56254D28C1EE9700CF2D40 /* Resources */ = {
			isa = PBXResourcesBuildPhase;
			buildActionMask = 2147483647;
			files = (
				CE56255F28C1EE9900CF2D40 /* LaunchScreen.storyboard in Resources */,
				CE56258528C2152C00CF2D40 /* PostTableViewCell.xib in Resources */,
				CE56255C28C1EE9900CF2D40 /* Assets.xcassets in Resources */,
			);
			runOnlyForDeploymentPostprocessing = 0;
		};
/* End PBXResourcesBuildPhase section */

/* Begin PBXShellScriptBuildPhase section */
		77D402E2E752475F68AA1B2F /* [CP] Check Pods Manifest.lock */ = {
			isa = PBXShellScriptBuildPhase;
			buildActionMask = 2147483647;
			files = (
			);
			inputFileListPaths = (
			);
			inputPaths = (
				"${PODS_PODFILE_DIR_PATH}/Podfile.lock",
				"${PODS_ROOT}/Manifest.lock",
			);
			name = "[CP] Check Pods Manifest.lock";
			outputFileListPaths = (
			);
			outputPaths = (
				"$(DERIVED_FILE_DIR)/Pods-Posts-checkManifestLockResult.txt",
			);
			runOnlyForDeploymentPostprocessing = 0;
			shellPath = /bin/sh;
			shellScript = "diff \"${PODS_PODFILE_DIR_PATH}/Podfile.lock\" \"${PODS_ROOT}/Manifest.lock\" > /dev/null\nif [ $? != 0 ] ; then\n    # print error to STDERR\n    echo \"error: The sandbox is not in sync with the Podfile.lock. Run 'pod install' or update your CocoaPods installation.\" >&2\n    exit 1\nfi\n# This output is used by Xcode 'outputs' to avoid re-running this script phase.\necho \"SUCCESS\" > \"${SCRIPT_OUTPUT_FILE_0}\"\n";
			showEnvVarsInLog = 0;
		};
		B748CC18410E76A3C2AE5108 /* [CP] Embed Pods Frameworks */ = {
			isa = PBXShellScriptBuildPhase;
			buildActionMask = 2147483647;
			files = (
			);
			inputFileListPaths = (
				"${PODS_ROOT}/Target Support Files/Pods-Posts/Pods-Posts-frameworks-${CONFIGURATION}-input-files.xcfilelist",
			);
			name = "[CP] Embed Pods Frameworks";
			outputFileListPaths = (
				"${PODS_ROOT}/Target Support Files/Pods-Posts/Pods-Posts-frameworks-${CONFIGURATION}-output-files.xcfilelist",
			);
			runOnlyForDeploymentPostprocessing = 0;
			shellPath = /bin/sh;
			shellScript = "\"${PODS_ROOT}/Target Support Files/Pods-Posts/Pods-Posts-frameworks.sh\"\n";
			showEnvVarsInLog = 0;
		};
/* End PBXShellScriptBuildPhase section */

/* Begin PBXSourcesBuildPhase section */
		CE56254B28C1EE9700CF2D40 /* Sources */ = {
			isa = PBXSourcesBuildPhase;
			buildActionMask = 2147483647;
			files = (
				CE56257528C1F31B00CF2D40 /* FeedBuilder.swift in Sources */,
				CE56257728C1F3D700CF2D40 /* FeedRouter.swift in Sources */,
				CE56257C28C1FBF200CF2D40 /* BaseRouter.swift in Sources */,
				CE09882728C5EED10033AA5B /* Date+Extensions.swift in Sources */,
				CE56257E28C2059500CF2D40 /* PostModel.swift in Sources */,
				CE56257028C1F04600CF2D40 /* FeedViewController.swift in Sources */,
				CE00404228C72BE40094E18C /* UIViewController+Extensions.swift in Sources */,
				CE56255328C1EE9700CF2D40 /* AppDelegate.swift in Sources */,
				CE00404028C72BAA0094E18C /* UINavigationController+Extensions.swift in Sources */,
				CE56257928C1F43600CF2D40 /* FeedPresenter.swift in Sources */,
				CE00404528C72DAA0094E18C /* NetworkService.swift in Sources */,
				CE09882928C604E10033AA5B /* String+Extensions.swift in Sources */,
				CE09882F28C62A7C0033AA5B /* BaseCollectionViewCell.swift in Sources */,
				CE56258128C2139C00CF2D40 /* FeedRepository.swift in Sources */,
				CE00403E28C72B830094E18C /* EmptyBlock.swift in Sources */,
				CE56255528C1EE9700CF2D40 /* SceneDelegate.swift in Sources */,
				CE56258428C2152C00CF2D40 /* PostTableViewCell.swift in Sources */,
				CE09882D28C60B8E0033AA5B /* BaseTableViewCell.swift in Sources */,
				CEDC3AB128CB248D00BE8BA6 /* Int+Extensions.swift in Sources */,
				CE09882328C5EBA30033AA5B /* UIView+Extensions.swift in Sources */,
				CE85A45D28CA1B8900C2BA35 /* ApiEndpoint.swift in Sources */,
			);
			runOnlyForDeploymentPostprocessing = 0;
		};
/* End PBXSourcesBuildPhase section */

/* Begin PBXVariantGroup section */
		CE56255D28C1EE9900CF2D40 /* LaunchScreen.storyboard */ = {
			isa = PBXVariantGroup;
			children = (
				CE56255E28C1EE9900CF2D40 /* Base */,
			);
			name = LaunchScreen.storyboard;
			sourceTree = "<group>";
		};
/* End PBXVariantGroup section */

/* Begin XCBuildConfiguration section */
		CE56256128C1EE9900CF2D40 /* Debug */ = {
			isa = XCBuildConfiguration;
			buildSettings = {
				ALWAYS_SEARCH_USER_PATHS = NO;
				CLANG_ANALYZER_NONNULL = YES;
				CLANG_ANALYZER_NUMBER_OBJECT_CONVERSION = YES_AGGRESSIVE;
				CLANG_CXX_LANGUAGE_STANDARD = "gnu++17";
				CLANG_ENABLE_MODULES = YES;
				CLANG_ENABLE_OBJC_ARC = YES;
				CLANG_ENABLE_OBJC_WEAK = YES;
				CLANG_WARN_BLOCK_CAPTURE_AUTORELEASING = YES;
				CLANG_WARN_BOOL_CONVERSION = YES;
				CLANG_WARN_COMMA = YES;
				CLANG_WARN_CONSTANT_CONVERSION = YES;
				CLANG_WARN_DEPRECATED_OBJC_IMPLEMENTATIONS = YES;
				CLANG_WARN_DIRECT_OBJC_ISA_USAGE = YES_ERROR;
				CLANG_WARN_DOCUMENTATION_COMMENTS = YES;
				CLANG_WARN_EMPTY_BODY = YES;
				CLANG_WARN_ENUM_CONVERSION = YES;
				CLANG_WARN_INFINITE_RECURSION = YES;
				CLANG_WARN_INT_CONVERSION = YES;
				CLANG_WARN_NON_LITERAL_NULL_CONVERSION = YES;
				CLANG_WARN_OBJC_IMPLICIT_RETAIN_SELF = YES;
				CLANG_WARN_OBJC_LITERAL_CONVERSION = YES;
				CLANG_WARN_OBJC_ROOT_CLASS = YES_ERROR;
				CLANG_WARN_QUOTED_INCLUDE_IN_FRAMEWORK_HEADER = YES;
				CLANG_WARN_RANGE_LOOP_ANALYSIS = YES;
				CLANG_WARN_STRICT_PROTOTYPES = YES;
				CLANG_WARN_SUSPICIOUS_MOVE = YES;
				CLANG_WARN_UNGUARDED_AVAILABILITY = YES_AGGRESSIVE;
				CLANG_WARN_UNREACHABLE_CODE = YES;
				CLANG_WARN__DUPLICATE_METHOD_MATCH = YES;
				COPY_PHASE_STRIP = NO;
				DEBUG_INFORMATION_FORMAT = dwarf;
				ENABLE_STRICT_OBJC_MSGSEND = YES;
				ENABLE_TESTABILITY = YES;
				GCC_C_LANGUAGE_STANDARD = gnu11;
				GCC_DYNAMIC_NO_PIC = NO;
				GCC_NO_COMMON_BLOCKS = YES;
				GCC_OPTIMIZATION_LEVEL = 0;
				GCC_PREPROCESSOR_DEFINITIONS = (
					"DEBUG=1",
					"$(inherited)",
				);
				GCC_WARN_64_TO_32_BIT_CONVERSION = YES;
				GCC_WARN_ABOUT_RETURN_TYPE = YES_ERROR;
				GCC_WARN_UNDECLARED_SELECTOR = YES;
				GCC_WARN_UNINITIALIZED_AUTOS = YES_AGGRESSIVE;
				GCC_WARN_UNUSED_FUNCTION = YES;
				GCC_WARN_UNUSED_VARIABLE = YES;
				IPHONEOS_DEPLOYMENT_TARGET = 14.0;
				MTL_ENABLE_DEBUG_INFO = INCLUDE_SOURCE;
				MTL_FAST_MATH = YES;
				ONLY_ACTIVE_ARCH = YES;
				SDKROOT = iphoneos;
				SWIFT_ACTIVE_COMPILATION_CONDITIONS = DEBUG;
				SWIFT_OPTIMIZATION_LEVEL = "-Onone";
			};
			name = Debug;
		};
		CE56256228C1EE9900CF2D40 /* Release */ = {
			isa = XCBuildConfiguration;
			buildSettings = {
				ALWAYS_SEARCH_USER_PATHS = NO;
				CLANG_ANALYZER_NONNULL = YES;
				CLANG_ANALYZER_NUMBER_OBJECT_CONVERSION = YES_AGGRESSIVE;
				CLANG_CXX_LANGUAGE_STANDARD = "gnu++17";
				CLANG_ENABLE_MODULES = YES;
				CLANG_ENABLE_OBJC_ARC = YES;
				CLANG_ENABLE_OBJC_WEAK = YES;
				CLANG_WARN_BLOCK_CAPTURE_AUTORELEASING = YES;
				CLANG_WARN_BOOL_CONVERSION = YES;
				CLANG_WARN_COMMA = YES;
				CLANG_WARN_CONSTANT_CONVERSION = YES;
				CLANG_WARN_DEPRECATED_OBJC_IMPLEMENTATIONS = YES;
				CLANG_WARN_DIRECT_OBJC_ISA_USAGE = YES_ERROR;
				CLANG_WARN_DOCUMENTATION_COMMENTS = YES;
				CLANG_WARN_EMPTY_BODY = YES;
				CLANG_WARN_ENUM_CONVERSION = YES;
				CLANG_WARN_INFINITE_RECURSION = YES;
				CLANG_WARN_INT_CONVERSION = YES;
				CLANG_WARN_NON_LITERAL_NULL_CONVERSION = YES;
				CLANG_WARN_OBJC_IMPLICIT_RETAIN_SELF = YES;
				CLANG_WARN_OBJC_LITERAL_CONVERSION = YES;
				CLANG_WARN_OBJC_ROOT_CLASS = YES_ERROR;
				CLANG_WARN_QUOTED_INCLUDE_IN_FRAMEWORK_HEADER = YES;
				CLANG_WARN_RANGE_LOOP_ANALYSIS = YES;
				CLANG_WARN_STRICT_PROTOTYPES = YES;
				CLANG_WARN_SUSPICIOUS_MOVE = YES;
				CLANG_WARN_UNGUARDED_AVAILABILITY = YES_AGGRESSIVE;
				CLANG_WARN_UNREACHABLE_CODE = YES;
				CLANG_WARN__DUPLICATE_METHOD_MATCH = YES;
				COPY_PHASE_STRIP = NO;
				DEBUG_INFORMATION_FORMAT = "dwarf-with-dsym";
				ENABLE_NS_ASSERTIONS = NO;
				ENABLE_STRICT_OBJC_MSGSEND = YES;
				GCC_C_LANGUAGE_STANDARD = gnu11;
				GCC_NO_COMMON_BLOCKS = YES;
				GCC_WARN_64_TO_32_BIT_CONVERSION = YES;
				GCC_WARN_ABOUT_RETURN_TYPE = YES_ERROR;
				GCC_WARN_UNDECLARED_SELECTOR = YES;
				GCC_WARN_UNINITIALIZED_AUTOS = YES_AGGRESSIVE;
				GCC_WARN_UNUSED_FUNCTION = YES;
				GCC_WARN_UNUSED_VARIABLE = YES;
				IPHONEOS_DEPLOYMENT_TARGET = 14.0;
				MTL_ENABLE_DEBUG_INFO = NO;
				MTL_FAST_MATH = YES;
				SDKROOT = iphoneos;
				SWIFT_COMPILATION_MODE = wholemodule;
				SWIFT_OPTIMIZATION_LEVEL = "-O";
				VALIDATE_PRODUCT = YES;
			};
			name = Release;
		};
		CE56256428C1EE9900CF2D40 /* Debug */ = {
			isa = XCBuildConfiguration;
			baseConfigurationReference = 5947BDB46644D02FFDE22F89 /* Pods-Posts.debug.xcconfig */;
			buildSettings = {
				ASSETCATALOG_COMPILER_APPICON_NAME = AppIcon;
				ASSETCATALOG_COMPILER_GLOBAL_ACCENT_COLOR_NAME = AccentColor;
				CODE_SIGN_STYLE = Automatic;
				CURRENT_PROJECT_VERSION = 1;
				DEVELOPMENT_TEAM = FC6QKWA93F;
				GENERATE_INFOPLIST_FILE = YES;
				INFOPLIST_FILE = Posts/Info.plist;
				INFOPLIST_KEY_UIApplicationSupportsIndirectInputEvents = YES;
				INFOPLIST_KEY_UILaunchStoryboardName = LaunchScreen;
				INFOPLIST_KEY_UISupportedInterfaceOrientations_iPad = "UIInterfaceOrientationPortrait UIInterfaceOrientationPortraitUpsideDown UIInterfaceOrientationLandscapeLeft UIInterfaceOrientationLandscapeRight";
				INFOPLIST_KEY_UISupportedInterfaceOrientations_iPhone = "UIInterfaceOrientationPortrait UIInterfaceOrientationLandscapeLeft UIInterfaceOrientationLandscapeRight";
				LD_RUNPATH_SEARCH_PATHS = (
					"$(inherited)",
					"@executable_path/Frameworks",
				);
				MARKETING_VERSION = 1.0;
				PRODUCT_BUNDLE_IDENTIFIER = me.swifter.Posts;
				PRODUCT_NAME = "$(TARGET_NAME)";
				SWIFT_EMIT_LOC_STRINGS = YES;
				SWIFT_VERSION = 5.0;
				TARGETED_DEVICE_FAMILY = "1,2";
			};
			name = Debug;
		};
		CE56256528C1EE9900CF2D40 /* Release */ = {
			isa = XCBuildConfiguration;
			baseConfigurationReference = CA37A62154F9D54F927DEDC6 /* Pods-Posts.release.xcconfig */;
			buildSettings = {
				ASSETCATALOG_COMPILER_APPICON_NAME = AppIcon;
				ASSETCATALOG_COMPILER_GLOBAL_ACCENT_COLOR_NAME = AccentColor;
				CODE_SIGN_STYLE = Automatic;
				CURRENT_PROJECT_VERSION = 1;
				DEVELOPMENT_TEAM = FC6QKWA93F;
				GENERATE_INFOPLIST_FILE = YES;
				INFOPLIST_FILE = Posts/Info.plist;
				INFOPLIST_KEY_UIApplicationSupportsIndirectInputEvents = YES;
				INFOPLIST_KEY_UILaunchStoryboardName = LaunchScreen;
				INFOPLIST_KEY_UISupportedInterfaceOrientations_iPad = "UIInterfaceOrientationPortrait UIInterfaceOrientationPortraitUpsideDown UIInterfaceOrientationLandscapeLeft UIInterfaceOrientationLandscapeRight";
				INFOPLIST_KEY_UISupportedInterfaceOrientations_iPhone = "UIInterfaceOrientationPortrait UIInterfaceOrientationLandscapeLeft UIInterfaceOrientationLandscapeRight";
				LD_RUNPATH_SEARCH_PATHS = (
					"$(inherited)",
					"@executable_path/Frameworks",
				);
				MARKETING_VERSION = 1.0;
				PRODUCT_BUNDLE_IDENTIFIER = me.swifter.Posts;
				PRODUCT_NAME = "$(TARGET_NAME)";
				SWIFT_EMIT_LOC_STRINGS = YES;
				SWIFT_VERSION = 5.0;
				TARGETED_DEVICE_FAMILY = "1,2";
			};
			name = Release;
		};
/* End XCBuildConfiguration section */

/* Begin XCConfigurationList section */
		CE56254A28C1EE9700CF2D40 /* Build configuration list for PBXProject "Posts" */ = {
			isa = XCConfigurationList;
			buildConfigurations = (
				CE56256128C1EE9900CF2D40 /* Debug */,
				CE56256228C1EE9900CF2D40 /* Release */,
			);
			defaultConfigurationIsVisible = 0;
			defaultConfigurationName = Release;
		};
		CE56256328C1EE9900CF2D40 /* Build configuration list for PBXNativeTarget "Posts" */ = {
			isa = XCConfigurationList;
			buildConfigurations = (
				CE56256428C1EE9900CF2D40 /* Debug */,
				CE56256528C1EE9900CF2D40 /* Release */,
			);
			defaultConfigurationIsVisible = 0;
			defaultConfigurationName = Release;
		};
/* End XCConfigurationList section */
	};
	rootObject = CE56254728C1EE9700CF2D40 /* Project object */;
}
